// !$*UTF8*$!
{
	archiveVersion = 1;
	classes = {
	};
	objectVersion = 50;
	objects = {

/* Begin PBXBuildFile section */
		64BBA2B82733D82A0078451A /* AppDelegate.swift in Sources */ = {isa = PBXBuildFile; fileRef = 64BBA2B72733D82A0078451A /* AppDelegate.swift */; };
		64BBA2BA2733D82A0078451A /* SceneDelegate.swift in Sources */ = {isa = PBXBuildFile; fileRef = 64BBA2B92733D82A0078451A /* SceneDelegate.swift */; };
		64BBA2BC2733D82A0078451A /* ViewController.swift in Sources */ = {isa = PBXBuildFile; fileRef = 64BBA2BB2733D82A0078451A /* ViewController.swift */; };
		64BBA2BF2733D82A0078451A /* Main.storyboard in Resources */ = {isa = PBXBuildFile; fileRef = 64BBA2BD2733D82A0078451A /* Main.storyboard */; };
		64BBA2C12733D82B0078451A /* Assets.xcassets in Resources */ = {isa = PBXBuildFile; fileRef = 64BBA2C02733D82B0078451A /* Assets.xcassets */; };
		64BBA2C42733D82B0078451A /* LaunchScreen.storyboard in Resources */ = {isa = PBXBuildFile; fileRef = 64BBA2C22733D82B0078451A /* LaunchScreen.storyboard */; };
		64BBA2CF2733D82B0078451A /* ____Tests.swift in Sources */ = {isa = PBXBuildFile; fileRef = 64BBA2CE2733D82B0078451A /* ____Tests.swift */; };
		64BBA2DA2733D82B0078451A /* ____UITests.swift in Sources */ = {isa = PBXBuildFile; fileRef = 64BBA2D92733D82B0078451A /* ____UITests.swift */; };
/* End PBXBuildFile section */

/* Begin PBXContainerItemProxy section */
		64BBA2CB2733D82B0078451A /* PBXContainerItemProxy */ = {
			isa = PBXContainerItemProxy;
			containerPortal = 64BBA2AC2733D82A0078451A /* Project object */;
			proxyType = 1;
			remoteGlobalIDString = 64BBA2B32733D82A0078451A;
			remoteInfo = "手势冲突";
		};
		64BBA2D62733D82B0078451A /* PBXContainerItemProxy */ = {
			isa = PBXContainerItemProxy;
			containerPortal = 64BBA2AC2733D82A0078451A /* Project object */;
			proxyType = 1;
			remoteGlobalIDString = 64BBA2B32733D82A0078451A;
			remoteInfo = "手势冲突";
		};
/* End PBXContainerItemProxy section */

/* Begin PBXFileReference section */
		64BBA2B42733D82A0078451A /* 手势冲突.app */ = {isa = PBXFileReference; explicitFileType = wrapper.application; includeInIndex = 0; path = "手势冲突.app"; sourceTree = BUILT_PRODUCTS_DIR; };
		64BBA2B72733D82A0078451A /* AppDelegate.swift */ = {isa = PBXFileReference; lastKnownFileType = sourcecode.swift; path = AppDelegate.swift; sourceTree = "<group>"; };
		64BBA2B92733D82A0078451A /* SceneDelegate.swift */ = {isa = PBXFileReference; lastKnownFileType = sourcecode.swift; path = SceneDelegate.swift; sourceTree = "<group>"; };
		64BBA2BB2733D82A0078451A /* ViewController.swift */ = {isa = PBXFileReference; lastKnownFileType = sourcecode.swift; path = ViewController.swift; sourceTree = "<group>"; };
		64BBA2BE2733D82A0078451A /* Base */ = {isa = PBXFileReference; lastKnownFileType = file.storyboard; name = Base; path = Base.lproj/Main.storyboard; sourceTree = "<group>"; };
		64BBA2C02733D82B0078451A /* Assets.xcassets */ = {isa = PBXFileReference; lastKnownFileType = folder.assetcatalog; path = Assets.xcassets; sourceTree = "<group>"; };
		64BBA2C32733D82B0078451A /* Base */ = {isa = PBXFileReference; lastKnownFileType = file.storyboard; name = Base; path = Base.lproj/LaunchScreen.storyboard; sourceTree = "<group>"; };
		64BBA2C52733D82B0078451A /* Info.plist */ = {isa = PBXFileReference; lastKnownFileType = text.plist.xml; path = Info.plist; sourceTree = "<group>"; };
		64BBA2CA2733D82B0078451A /* 手势冲突Tests.xctest */ = {isa = PBXFileReference; explicitFileType = wrapper.cfbundle; includeInIndex = 0; path = "手势冲突Tests.xctest"; sourceTree = BUILT_PRODUCTS_DIR; };
		64BBA2CE2733D82B0078451A /* ____Tests.swift */ = {isa = PBXFileReference; lastKnownFileType = sourcecode.swift; path = "____Tests.swift"; sourceTree = "<group>"; };
		64BBA2D02733D82B0078451A /* Info.plist */ = {isa = PBXFileReference; lastKnownFileType = text.plist.xml; path = Info.plist; sourceTree = "<group>"; };
		64BBA2D52733D82B0078451A /* 手势冲突UITests.xctest */ = {isa = PBXFileReference; explicitFileType = wrapper.cfbundle; includeInIndex = 0; path = "手势冲突UITests.xctest"; sourceTree = BUILT_PRODUCTS_DIR; };
		64BBA2D92733D82B0078451A /* ____UITests.swift */ = {isa = PBXFileReference; lastKnownFileType = sourcecode.swift; path = "____UITests.swift"; sourceTree = "<group>"; };
		64BBA2DB2733D82B0078451A /* Info.plist */ = {isa = PBXFileReference; lastKnownFileType = text.plist.xml; path = Info.plist; sourceTree = "<group>"; };
/* End PBXFileReference section */

/* Begin PBXFrameworksBuildPhase section */
		64BBA2B12733D82A0078451A /* Frameworks */ = {
			isa = PBXFrameworksBuildPhase;
			buildActionMask = 2147483647;
			files = (
			);
			runOnlyForDeploymentPostprocessing = 0;
		};
		64BBA2C72733D82B0078451A /* Frameworks */ = {
			isa = PBXFrameworksBuildPhase;
			buildActionMask = 2147483647;
			files = (
			);
			runOnlyForDeploymentPostprocessing = 0;
		};
		64BBA2D22733D82B0078451A /* Frameworks */ = {
			isa = PBXFrameworksBuildPhase;
			buildActionMask = 2147483647;
			files = (
			);
			runOnlyForDeploymentPostprocessing = 0;
		};
/* End PBXFrameworksBuildPhase section */

/* Begin PBXGroup section */
		64BBA2AB2733D82A0078451A = {
			isa = PBXGroup;
			children = (
				64BBA2B62733D82A0078451A /* 手势冲突 */,
				64BBA2CD2733D82B0078451A /* 手势冲突Tests */,
				64BBA2D82733D82B0078451A /* 手势冲突UITests */,
				64BBA2B52733D82A0078451A /* Products */,
			);
			sourceTree = "<group>";
		};
		64BBA2B52733D82A0078451A /* Products */ = {
			isa = PBXGroup;
			children = (
				64BBA2B42733D82A0078451A /* 手势冲突.app */,
				64BBA2CA2733D82B0078451A /* 手势冲突Tests.xctest */,
				64BBA2D52733D82B0078451A /* 手势冲突UITests.xctest */,
			);
			name = Products;
			sourceTree = "<group>";
		};
		64BBA2B62733D82A0078451A /* 手势冲突 */ = {
			isa = PBXGroup;
			children = (
				64BBA2B72733D82A0078451A /* AppDelegate.swift */,
				64BBA2B92733D82A0078451A /* SceneDelegate.swift */,
				64BBA2BB2733D82A0078451A /* ViewController.swift */,
				64BBA2BD2733D82A0078451A /* Main.storyboard */,
				64BBA2C02733D82B0078451A /* Assets.xcassets */,
				64BBA2C22733D82B0078451A /* LaunchScreen.storyboard */,
				64BBA2C52733D82B0078451A /* Info.plist */,
			);
			path = "手势冲突";
			sourceTree = "<group>";
		};
		64BBA2CD2733D82B0078451A /* 手势冲突Tests */ = {
			isa = PBXGroup;
			children = (
				64BBA2CE2733D82B0078451A /* ____Tests.swift */,
				64BBA2D02733D82B0078451A /* Info.plist */,
			);
			path = "手势冲突Tests";
			sourceTree = "<group>";
		};
		64BBA2D82733D82B0078451A /* 手势冲突UITests */ = {
			isa = PBXGroup;
			children = (
				64BBA2D92733D82B0078451A /* ____UITests.swift */,
				64BBA2DB2733D82B0078451A /* Info.plist */,
			);
			path = "手势冲突UITests";
			sourceTree = "<group>";
		};
/* End PBXGroup section */

/* Begin PBXNativeTarget section */
		64BBA2B32733D82A0078451A /* 手势冲突 */ = {
			isa = PBXNativeTarget;
			buildConfigurationList = 64BBA2DE2733D82B0078451A /* Build configuration list for PBXNativeTarget "手势冲突" */;
			buildPhases = (
				64BBA2B02733D82A0078451A /* Sources */,
				64BBA2B12733D82A0078451A /* Frameworks */,
				64BBA2B22733D82A0078451A /* Resources */,
			);
			buildRules = (
			);
			dependencies = (
			);
			name = "手势冲突";
			productName = "手势冲突";
			productReference = 64BBA2B42733D82A0078451A /* 手势冲突.app */;
			productType = "com.apple.product-type.application";
		};
		64BBA2C92733D82B0078451A /* 手势冲突Tests */ = {
			isa = PBXNativeTarget;
			buildConfigurationList = 64BBA2E12733D82B0078451A /* Build configuration list for PBXNativeTarget "手势冲突Tests" */;
			buildPhases = (
				64BBA2C62733D82B0078451A /* Sources */,
				64BBA2C72733D82B0078451A /* Frameworks */,
				64BBA2C82733D82B0078451A /* Resources */,
			);
			buildRules = (
			);
			dependencies = (
				64BBA2CC2733D82B0078451A /* PBXTargetDependency */,
			);
			name = "手势冲突Tests";
			productName = "手势冲突Tests";
			productReference = 64BBA2CA2733D82B0078451A /* 手势冲突Tests.xctest */;
			productType = "com.apple.product-type.bundle.unit-test";
		};
		64BBA2D42733D82B0078451A /* 手势冲突UITests */ = {
			isa = PBXNativeTarget;
			buildConfigurationList = 64BBA2E42733D82B0078451A /* Build configuration list for PBXNativeTarget "手势冲突UITests" */;
			buildPhases = (
				64BBA2D12733D82B0078451A /* Sources */,
				64BBA2D22733D82B0078451A /* Frameworks */,
				64BBA2D32733D82B0078451A /* Resources */,
			);
			buildRules = (
			);
			dependencies = (
				64BBA2D72733D82B0078451A /* PBXTargetDependency */,
			);
			name = "手势冲突UITests";
			productName = "手势冲突UITests";
			productReference = 64BBA2D52733D82B0078451A /* 手势冲突UITests.xctest */;
			productType = "com.apple.product-type.bundle.ui-testing";
		};
/* End PBXNativeTarget section */

/* Begin PBXProject section */
		64BBA2AC2733D82A0078451A /* Project object */ = {
			isa = PBXProject;
			attributes = {
				LastSwiftUpdateCheck = 1250;
				LastUpgradeCheck = 1250;
				TargetAttributes = {
					64BBA2B32733D82A0078451A = {
						CreatedOnToolsVersion = 12.5;
					};
					64BBA2C92733D82B0078451A = {
						CreatedOnToolsVersion = 12.5;
						TestTargetID = 64BBA2B32733D82A0078451A;
					};
					64BBA2D42733D82B0078451A = {
						CreatedOnToolsVersion = 12.5;
						TestTargetID = 64BBA2B32733D82A0078451A;
					};
				};
			};
			buildConfigurationList = 64BBA2AF2733D82A0078451A /* Build configuration list for PBXProject "手势冲突" */;
			compatibilityVersion = "Xcode 9.3";
			developmentRegion = en;
			hasScannedForEncodings = 0;
			knownRegions = (
				en,
				Base,
			);
			mainGroup = 64BBA2AB2733D82A0078451A;
			productRefGroup = 64BBA2B52733D82A0078451A /* Products */;
			projectDirPath = "";
			projectRoot = "";
			targets = (
				64BBA2B32733D82A0078451A /* 手势冲突 */,
				64BBA2C92733D82B0078451A /* 手势冲突Tests */,
				64BBA2D42733D82B0078451A /* 手势冲突UITests */,
			);
		};
/* End PBXProject section */

/* Begin PBXResourcesBuildPhase section */
		64BBA2B22733D82A0078451A /* Resources */ = {
			isa = PBXResourcesBuildPhase;
			buildActionMask = 2147483647;
			files = (
				64BBA2C42733D82B0078451A /* LaunchScreen.storyboard in Resources */,
				64BBA2C12733D82B0078451A /* Assets.xcassets in Resources */,
				64BBA2BF2733D82A0078451A /* Main.storyboard in Resources */,
			);
			runOnlyForDeploymentPostprocessing = 0;
		};
		64BBA2C82733D82B0078451A /* Resources */ = {
			isa = PBXResourcesBuildPhase;
			buildActionMask = 2147483647;
			files = (
			);
			runOnlyForDeploymentPostprocessing = 0;
		};
		64BBA2D32733D82B0078451A /* Resources */ = {
			isa = PBXResourcesBuildPhase;
			buildActionMask = 2147483647;
			files = (
			);
			runOnlyForDeploymentPostprocessing = 0;
		};
/* End PBXResourcesBuildPhase section */

/* Begin PBXSourcesBuildPhase section */
		64BBA2B02733D82A0078451A /* Sources */ = {
			isa = PBXSourcesBuildPhase;
			buildActionMask = 2147483647;
			files = (
				64BBA2BC2733D82A0078451A /* ViewController.swift in Sources */,
				64BBA2B82733D82A0078451A /* AppDelegate.swift in Sources */,
				64BBA2BA2733D82A0078451A /* SceneDelegate.swift in Sources */,
			);
			runOnlyForDeploymentPostprocessing = 0;
		};
		64BBA2C62733D82B0078451A /* Sources */ = {
			isa = PBXSourcesBuildPhase;
			buildActionMask = 2147483647;
			files = (
				64BBA2CF2733D82B0078451A /* ____Tests.swift in Sources */,
			);
			runOnlyForDeploymentPostprocessing = 0;
		};
		64BBA2D12733D82B0078451A /* Sources */ = {
			isa = PBXSourcesBuildPhase;
			buildActionMask = 2147483647;
			files = (
				64BBA2DA2733D82B0078451A /* ____UITests.swift in Sources */,
			);
			runOnlyForDeploymentPostprocessing = 0;
		};
/* End PBXSourcesBuildPhase section */

/* Begin PBXTargetDependency section */
		64BBA2CC2733D82B0078451A /* PBXTargetDependency */ = {
			isa = PBXTargetDependency;
			target = 64BBA2B32733D82A0078451A /* 手势冲突 */;
			targetProxy = 64BBA2CB2733D82B0078451A /* PBXContainerItemProxy */;
		};
		64BBA2D72733D82B0078451A /* PBXTargetDependency */ = {
			isa = PBXTargetDependency;
			target = 64BBA2B32733D82A0078451A /* 手势冲突 */;
			targetProxy = 64BBA2D62733D82B0078451A /* PBXContainerItemProxy */;
		};
/* End PBXTargetDependency section */

/* Begin PBXVariantGroup section */
		64BBA2BD2733D82A0078451A /* Main.storyboard */ = {
			isa = PBXVariantGroup;
			children = (
				64BBA2BE2733D82A0078451A /* Base */,
			);
			name = Main.storyboard;
			sourceTree = "<group>";
		};
		64BBA2C22733D82B0078451A /* LaunchScreen.storyboard */ = {
			isa = PBXVariantGroup;
			children = (
				64BBA2C32733D82B0078451A /* Base */,
			);
			name = LaunchScreen.storyboard;
			sourceTree = "<group>";
		};
/* End PBXVariantGroup section */

/* Begin XCBuildConfiguration section */
		64BBA2DC2733D82B0078451A /* Debug */ = {
			isa = XCBuildConfiguration;
			buildSettings = {
				ALWAYS_SEARCH_USER_PATHS = NO;
				CLANG_ANALYZER_NONNULL = YES;
				CLANG_ANALYZER_NUMBER_OBJECT_CONVERSION = YES_AGGRESSIVE;
				CLANG_CXX_LANGUAGE_STANDARD = "gnu++14";
				CLANG_CXX_LIBRARY = "libc++";
				CLANG_ENABLE_MODULES = YES;
				CLANG_ENABLE_OBJC_ARC = YES;
				CLANG_ENABLE_OBJC_WEAK = YES;
				CLANG_WARN_BLOCK_CAPTURE_AUTORELEASING = YES;
				CLANG_WARN_BOOL_CONVERSION = YES;
				CLANG_WARN_COMMA = YES;
				CLANG_WARN_CONSTANT_CONVERSION = YES;
				CLANG_WARN_DEPRECATED_OBJC_IMPLEMENTATIONS = YES;
				CLANG_WARN_DIRECT_OBJC_ISA_USAGE = YES_ERROR;
				CLANG_WARN_DOCUMENTATION_COMMENTS = YES;
				CLANG_WARN_EMPTY_BODY = YES;
				CLANG_WARN_ENUM_CONVERSION = YES;
				CLANG_WARN_INFINITE_RECURSION = YES;
				CLANG_WARN_INT_CONVERSION = YES;
				CLANG_WARN_NON_LITERAL_NULL_CONVERSION = YES;
				CLANG_WARN_OBJC_IMPLICIT_RETAIN_SELF = YES;
				CLANG_WARN_OBJC_LITERAL_CONVERSION = YES;
				CLANG_WARN_OBJC_ROOT_CLASS = YES_ERROR;
				CLANG_WARN_QUOTED_INCLUDE_IN_FRAMEWORK_HEADER = YES;
				CLANG_WARN_RANGE_LOOP_ANALYSIS = YES;
				CLANG_WARN_STRICT_PROTOTYPES = YES;
				CLANG_WARN_SUSPICIOUS_MOVE = YES;
				CLANG_WARN_UNGUARDED_AVAILABILITY = YES_AGGRESSIVE;
				CLANG_WARN_UNREACHABLE_CODE = YES;
				CLANG_WARN__DUPLICATE_METHOD_MATCH = YES;
				COPY_PHASE_STRIP = NO;
				DEBUG_INFORMATION_FORMAT = dwarf;
				ENABLE_STRICT_OBJC_MSGSEND = YES;
				ENABLE_TESTABILITY = YES;
				GCC_C_LANGUAGE_STANDARD = gnu11;
				GCC_DYNAMIC_NO_PIC = NO;
				GCC_NO_COMMON_BLOCKS = YES;
				GCC_OPTIMIZATION_LEVEL = 0;
				GCC_PREPROCESSOR_DEFINITIONS = (
					"DEBUG=1",
					"$(inherited)",
				);
				GCC_WARN_64_TO_32_BIT_CONVERSION = YES;
				GCC_WARN_ABOUT_RETURN_TYPE = YES_ERROR;
				GCC_WARN_UNDECLARED_SELECTOR = YES;
				GCC_WARN_UNINITIALIZED_AUTOS = YES_AGGRESSIVE;
				GCC_WARN_UNUSED_FUNCTION = YES;
				GCC_WARN_UNUSED_VARIABLE = YES;
				IPHONEOS_DEPLOYMENT_TARGET = 14.5;
				MTL_ENABLE_DEBUG_INFO = INCLUDE_SOURCE;
				MTL_FAST_MATH = YES;
				ONLY_ACTIVE_ARCH = YES;
				SDKROOT = iphoneos;
				SWIFT_ACTIVE_COMPILATION_CONDITIONS = DEBUG;
				SWIFT_OPTIMIZATION_LEVEL = "-Onone";
			};
			name = Debug;
		};
		64BBA2DD2733D82B0078451A /* Release */ = {
			isa = XCBuildConfiguration;
			buildSettings = {
				ALWAYS_SEARCH_USER_PATHS = NO;
				CLANG_ANALYZER_NONNULL = YES;
				CLANG_ANALYZER_NUMBER_OBJECT_CONVERSION = YES_AGGRESSIVE;
				CLANG_CXX_LANGUAGE_STANDARD = "gnu++14";
				CLANG_CXX_LIBRARY = "libc++";
				CLANG_ENABLE_MODULES = YES;
				CLANG_ENABLE_OBJC_ARC = YES;
				CLANG_ENABLE_OBJC_WEAK = YES;
				CLANG_WARN_BLOCK_CAPTURE_AUTORELEASING = YES;
				CLANG_WARN_BOOL_CONVERSION = YES;
				CLANG_WARN_COMMA = YES;
				CLANG_WARN_CONSTANT_CONVERSION = YES;
				CLANG_WARN_DEPRECATED_OBJC_IMPLEMENTATIONS = YES;
				CLANG_WARN_DIRECT_OBJC_ISA_USAGE = YES_ERROR;
				CLANG_WARN_DOCUMENTATION_COMMENTS = YES;
				CLANG_WARN_EMPTY_BODY = YES;
				CLANG_WARN_ENUM_CONVERSION = YES;
				CLANG_WARN_INFINITE_RECURSION = YES;
				CLANG_WARN_INT_CONVERSION = YES;
				CLANG_WARN_NON_LITERAL_NULL_CONVERSION = YES;
				CLANG_WARN_OBJC_IMPLICIT_RETAIN_SELF = YES;
				CLANG_WARN_OBJC_LITERAL_CONVERSION = YES;
				CLANG_WARN_OBJC_ROOT_CLASS = YES_ERROR;
				CLANG_WARN_QUOTED_INCLUDE_IN_FRAMEWORK_HEADER = YES;
				CLANG_WARN_RANGE_LOOP_ANALYSIS = YES;
				CLANG_WARN_STRICT_PROTOTYPES = YES;
				CLANG_WARN_SUSPICIOUS_MOVE = YES;
				CLANG_WARN_UNGUARDED_AVAILABILITY = YES_AGGRESSIVE;
				CLANG_WARN_UNREACHABLE_CODE = YES;
				CLANG_WARN__DUPLICATE_METHOD_MATCH = YES;
				COPY_PHASE_STRIP = NO;
				DEBUG_INFORMATION_FORMAT = "dwarf-with-dsym";
				ENABLE_NS_ASSERTIONS = NO;
				ENABLE_STRICT_OBJC_MSGSEND = YES;
				GCC_C_LANGUAGE_STANDARD = gnu11;
				GCC_NO_COMMON_BLOCKS = YES;
				GCC_WARN_64_TO_32_BIT_CONVERSION = YES;
				GCC_WARN_ABOUT_RETURN_TYPE = YES_ERROR;
				GCC_WARN_UNDECLARED_SELECTOR = YES;
				GCC_WARN_UNINITIALIZED_AUTOS = YES_AGGRESSIVE;
				GCC_WARN_UNUSED_FUNCTION = YES;
				GCC_WARN_UNUSED_VARIABLE = YES;
				IPHONEOS_DEPLOYMENT_TARGET = 14.5;
				MTL_ENABLE_DEBUG_INFO = NO;
				MTL_FAST_MATH = YES;
				SDKROOT = iphoneos;
				SWIFT_COMPILATION_MODE = wholemodule;
				SWIFT_OPTIMIZATION_LEVEL = "-O";
				VALIDATE_PRODUCT = YES;
			};
			name = Release;
		};
		64BBA2DF2733D82B0078451A /* Debug */ = {
			isa = XCBuildConfiguration;
			buildSettings = {
				ASSETCATALOG_COMPILER_APPICON_NAME = AppIcon;
				ASSETCATALOG_COMPILER_GLOBAL_ACCENT_COLOR_NAME = AccentColor;
				CODE_SIGN_STYLE = Automatic;
				INFOPLIST_FILE = "手势冲突/Info.plist";
				LD_RUNPATH_SEARCH_PATHS = (
					"$(inherited)",
					"@executable_path/Frameworks",
				);
				PRODUCT_BUNDLE_IDENTIFIER = "a.----";
				PRODUCT_NAME = "$(TARGET_NAME)";
				SWIFT_VERSION = 5.0;
				TARGETED_DEVICE_FAMILY = "1,2";
			};
			name = Debug;
		};
		64BBA2E02733D82B0078451A /* Release */ = {
			isa = XCBuildConfiguration;
			buildSettings = {
				ASSETCATALOG_COMPILER_APPICON_NAME = AppIcon;
				ASSETCATALOG_COMPILER_GLOBAL_ACCENT_COLOR_NAME = AccentColor;
				CODE_SIGN_STYLE = Automatic;
				INFOPLIST_FILE = "手势冲突/Info.plist";
				LD_RUNPATH_SEARCH_PATHS = (
					"$(inherited)",
					"@executable_path/Frameworks",
				);
				PRODUCT_BUNDLE_IDENTIFIER = "a.----";
				PRODUCT_NAME = "$(TARGET_NAME)";
				SWIFT_VERSION = 5.0;
				TARGETED_DEVICE_FAMILY = "1,2";
			};
			name = Release;
		};
		64BBA2E22733D82B0078451A /* Debug */ = {
			isa = XCBuildConfiguration;
			buildSettings = {
				ALWAYS_EMBED_SWIFT_STANDARD_LIBRARIES = YES;
				BUNDLE_LOADER = "$(TEST_HOST)";
				CODE_SIGN_STYLE = Automatic;
				INFOPLIST_FILE = "手势冲突Tests/Info.plist";
				IPHONEOS_DEPLOYMENT_TARGET = 14.5;
				LD_RUNPATH_SEARCH_PATHS = (
					"$(inherited)",
					"@executable_path/Frameworks",
					"@loader_path/Frameworks",
				);
				PRODUCT_BUNDLE_IDENTIFIER = "a.----Tests";
				PRODUCT_NAME = "$(TARGET_NAME)";
				SWIFT_VERSION = 5.0;
				TARGETED_DEVICE_FAMILY = "1,2";
				TEST_HOST = "$(BUILT_PRODUCTS_DIR)/手势冲突.app/手势冲突";
			};
			name = Debug;
		};
		64BBA2E32733D82B0078451A /* Release */ = {
			isa = XCBuildConfiguration;
			buildSettings = {
				ALWAYS_EMBED_SWIFT_STANDARD_LIBRARIES = YES;
				BUNDLE_LOADER = "$(TEST_HOST)";
				CODE_SIGN_STYLE = Automatic;
				INFOPLIST_FILE = "手势冲突Tests/Info.plist";
				IPHONEOS_DEPLOYMENT_TARGET = 14.5;
				LD_RUNPATH_SEARCH_PATHS = (
					"$(inherited)",
					"@executable_path/Frameworks",
					"@loader_path/Frameworks",
				);
				PRODUCT_BUNDLE_IDENTIFIER = "a.----Tests";
				PRODUCT_NAME = "$(TARGET_NAME)";
				SWIFT_VERSION = 5.0;
				TARGETED_DEVICE_FAMILY = "1,2";
				TEST_HOST = "$(BUILT_PRODUCTS_DIR)/手势冲突.app/手势冲突";
			};
			name = Release;
		};
		64BBA2E52733D82B0078451A /* Debug */ = {
			isa = XCBuildConfiguration;
			buildSettings = {
				ALWAYS_EMBED_SWIFT_STANDARD_LIBRARIES = YES;
				CODE_SIGN_STYLE = Automatic;
				INFOPLIST_FILE = "手势冲突UITests/Info.plist";
				LD_RUNPATH_SEARCH_PATHS = (
					"$(inherited)",
					"@executable_path/Frameworks",
					"@loader_path/Frameworks",
				);
				PRODUCT_BUNDLE_IDENTIFIER = "a.----UITests";
				PRODUCT_NAME = "$(TARGET_NAME)";
				SWIFT_VERSION = 5.0;
				TARGETED_DEVICE_FAMILY = "1,2";
				TEST_TARGET_NAME = "手势冲突";
			};
			name = Debug;
		};
		64BBA2E62733D82B0078451A /* Release */ = {
			isa = XCBuildConfiguration;
			buildSettings = {
				ALWAYS_EMBED_SWIFT_STANDARD_LIBRARIES = YES;
				CODE_SIGN_STYLE = Automatic;
				INFOPLIST_FILE = "手势冲突UITests/Info.plist";
				LD_RUNPATH_SEARCH_PATHS = (
					"$(inherited)",
					"@executable_path/Frameworks",
					"@loader_path/Frameworks",
				);
				PRODUCT_BUNDLE_IDENTIFIER = "a.----UITests";
				PRODUCT_NAME = "$(TARGET_NAME)";
				SWIFT_VERSION = 5.0;
				TARGETED_DEVICE_FAMILY = "1,2";
				TEST_TARGET_NAME = "手势冲突";
			};
			name = Release;
		};
/* End XCBuildConfiguration section */

/* Begin XCConfigurationList section */
		64BBA2AF2733D82A0078451A /* Build configuration list for PBXProject "手势冲突" */ = {
			isa = XCConfigurationList;
			buildConfigurations = (
				64BBA2DC2733D82B0078451A /* Debug */,
				64BBA2DD2733D82B0078451A /* Release */,
			);
			defaultConfigurationIsVisible = 0;
			defaultConfigurationName = Release;
		};
		64BBA2DE2733D82B0078451A /* Build configuration list for PBXNativeTarget "手势冲突" */ = {
			isa = XCConfigurationList;
			buildConfigurations = (
				64BBA2DF2733D82B0078451A /* Debug */,
				64BBA2E02733D82B0078451A /* Release */,
			);
			defaultConfigurationIsVisible = 0;
			defaultConfigurationName = Release;
		};
		64BBA2E12733D82B0078451A /* Build configuration list for PBXNativeTarget "手势冲突Tests" */ = {
			isa = XCConfigurationList;
			buildConfigurations = (
				64BBA2E22733D82B0078451A /* Debug */,
				64BBA2E32733D82B0078451A /* Release */,
			);
			defaultConfigurationIsVisible = 0;
			defaultConfigurationName = Release;
		};
		64BBA2E42733D82B0078451A /* Build configuration list for PBXNativeTarget "手势冲突UITests" */ = {
			isa = XCConfigurationList;
			buildConfigurations = (
				64BBA2E52733D82B0078451A /* Debug */,
				64BBA2E62733D82B0078451A /* Release */,
			);
			defaultConfigurationIsVisible = 0;
			defaultConfigurationName = Release;
		};
/* End XCConfigurationList section */
	};
	rootObject = 64BBA2AC2733D82A0078451A /* Project object */;
}
